// !$*UTF8*$!
{
	archiveVersion = 1;
	classes = {
	};
	objectVersion = 56;
	objects = {

/* Begin PBXBuildFile section */
		65B38E1C2BA0BEA5009FBD04 /* AppDelegate.swift in Sources */ = {isa = PBXBuildFile; fileRef = 65B38E1B2BA0BEA5009FBD04 /* AppDelegate.swift */; };
		65B38E1E2BA0BEA5009FBD04 /* SceneDelegate.swift in Sources */ = {isa = PBXBuildFile; fileRef = 65B38E1D2BA0BEA5009FBD04 /* SceneDelegate.swift */; };
		65B38E232BA0BEA5009FBD04 /* Main.storyboard in Resources */ = {isa = PBXBuildFile; fileRef = 65B38E212BA0BEA5009FBD04 /* Main.storyboard */; };
		65B38E252BA0BEA8009FBD04 /* Assets.xcassets in Resources */ = {isa = PBXBuildFile; fileRef = 65B38E242BA0BEA8009FBD04 /* Assets.xcassets */; };
		65B38E282BA0BEA8009FBD04 /* LaunchScreen.storyboard in Resources */ = {isa = PBXBuildFile; fileRef = 65B38E262BA0BEA8009FBD04 /* LaunchScreen.storyboard */; };
		65B38E302BA0BF28009FBD04 /* FirstVC.swift in Sources */ = {isa = PBXBuildFile; fileRef = 65B38E2F2BA0BF28009FBD04 /* FirstVC.swift */; };
		65B38E322BA0BF5A009FBD04 /* SecondVC.swift in Sources */ = {isa = PBXBuildFile; fileRef = 65B38E312BA0BF5A009FBD04 /* SecondVC.swift */; };
		65B38E352BA0C206009FBD04 /* UIButton+style.swift in Sources */ = {isa = PBXBuildFile; fileRef = 65B38E342BA0C206009FBD04 /* UIButton+style.swift */; };
		65B38E392BA0C4C7009FBD04 /* UINavigationController+navigation.swift in Sources */ = {isa = PBXBuildFile; fileRef = 65B38E382BA0C4C7009FBD04 /* UINavigationController+navigation.swift */; };
/* End PBXBuildFile section */

/* Begin PBXFileReference section */
		65B38E182BA0BEA5009FBD04 /* Lesson12HW.app */ = {isa = PBXFileReference; explicitFileType = wrapper.application; includeInIndex = 0; path = Lesson12HW.app; sourceTree = BUILT_PRODUCTS_DIR; };
		65B38E1B2BA0BEA5009FBD04 /* AppDelegate.swift */ = {isa = PBXFileReference; lastKnownFileType = sourcecode.swift; path = AppDelegate.swift; sourceTree = "<group>"; };
		65B38E1D2BA0BEA5009FBD04 /* SceneDelegate.swift */ = {isa = PBXFileReference; lastKnownFileType = sourcecode.swift; path = SceneDelegate.swift; sourceTree = "<group>"; };
		65B38E222BA0BEA5009FBD04 /* Base */ = {isa = PBXFileReference; lastKnownFileType = file.storyboard; name = Base; path = Base.lproj/Main.storyboard; sourceTree = "<group>"; };
		65B38E242BA0BEA8009FBD04 /* Assets.xcassets */ = {isa = PBXFileReference; lastKnownFileType = folder.assetcatalog; path = Assets.xcassets; sourceTree = "<group>"; };
		65B38E272BA0BEA8009FBD04 /* Base */ = {isa = PBXFileReference; lastKnownFileType = file.storyboard; name = Base; path = Base.lproj/LaunchScreen.storyboard; sourceTree = "<group>"; };
		65B38E292BA0BEA8009FBD04 /* Info.plist */ = {isa = PBXFileReference; lastKnownFileType = text.plist.xml; path = Info.plist; sourceTree = "<group>"; };
		65B38E2F2BA0BF28009FBD04 /* FirstVC.swift */ = {isa = PBXFileReference; lastKnownFileType = sourcecode.swift; path = FirstVC.swift; sourceTree = "<group>"; };
		65B38E312BA0BF5A009FBD04 /* SecondVC.swift */ = {isa = PBXFileReference; lastKnownFileType = sourcecode.swift; path = SecondVC.swift; sourceTree = "<group>"; };
		65B38E342BA0C206009FBD04 /* UIButton+style.swift */ = {isa = PBXFileReference; lastKnownFileType = sourcecode.swift; path = "UIButton+style.swift"; sourceTree = "<group>"; };
		65B38E382BA0C4C7009FBD04 /* UINavigationController+navigation.swift */ = {isa = PBXFileReference; lastKnownFileType = sourcecode.swift; path = "UINavigationController+navigation.swift"; sourceTree = "<group>"; };
/* End PBXFileReference section */

/* Begin PBXFrameworksBuildPhase section */
		65B38E152BA0BEA5009FBD04 /* Frameworks */ = {
			isa = PBXFrameworksBuildPhase;
			buildActionMask = 2147483647;
			files = (
			);
			runOnlyForDeploymentPostprocessing = 0;
		};
/* End PBXFrameworksBuildPhase section */

/* Begin PBXGroup section */
		65B38E0F2BA0BEA5009FBD04 = {
			isa = PBXGroup;
			children = (
				65B38E1A2BA0BEA5009FBD04 /* Lesson12HW */,
				65B38E192BA0BEA5009FBD04 /* Products */,
			);
			sourceTree = "<group>";
		};
		65B38E192BA0BEA5009FBD04 /* Products */ = {
			isa = PBXGroup;
			children = (
				65B38E182BA0BEA5009FBD04 /* Lesson12HW.app */,
			);
			name = Products;
			sourceTree = "<group>";
		};
		65B38E1A2BA0BEA5009FBD04 /* Lesson12HW */ = {
			isa = PBXGroup;
			children = (
				65B38E1B2BA0BEA5009FBD04 /* AppDelegate.swift */,
				65B38E1D2BA0BEA5009FBD04 /* SceneDelegate.swift */,
				65B38E212BA0BEA5009FBD04 /* Main.storyboard */,
				65B38E2F2BA0BF28009FBD04 /* FirstVC.swift */,
				65B38E312BA0BF5A009FBD04 /* SecondVC.swift */,
				65B38E332BA0C1CB009FBD04 /* Extension */,
				65B38E242BA0BEA8009FBD04 /* Assets.xcassets */,
				65B38E262BA0BEA8009FBD04 /* LaunchScreen.storyboard */,
				65B38E292BA0BEA8009FBD04 /* Info.plist */,
			);
			path = Lesson12HW;
			sourceTree = "<group>";
		};
		65B38E332BA0C1CB009FBD04 /* Extension */ = {
			isa = PBXGroup;
			children = (
				65B38E342BA0C206009FBD04 /* UIButton+style.swift */,
				65B38E382BA0C4C7009FBD04 /* UINavigationController+navigation.swift */,
			);
			path = Extension;
			sourceTree = "<group>";
		};
/* End PBXGroup section */

/* Begin PBXNativeTarget section */
		65B38E172BA0BEA5009FBD04 /* Lesson12HW */ = {
			isa = PBXNativeTarget;
			buildConfigurationList = 65B38E2C2BA0BEA8009FBD04 /* Build configuration list for PBXNativeTarget "Lesson12HW" */;
			buildPhases = (
				65B38E142BA0BEA5009FBD04 /* Sources */,
				65B38E152BA0BEA5009FBD04 /* Frameworks */,
				65B38E162BA0BEA5009FBD04 /* Resources */,
			);
			buildRules = (
			);
			dependencies = (
			);
			name = Lesson12HW;
			productName = Lesson12HW;
			productReference = 65B38E182BA0BEA5009FBD04 /* Lesson12HW.app */;
			productType = "com.apple.product-type.application";
		};
/* End PBXNativeTarget section */

/* Begin PBXProject section */
		65B38E102BA0BEA5009FBD04 /* Project object */ = {
			isa = PBXProject;
			attributes = {
				BuildIndependentTargetsInParallel = 1;
				LastSwiftUpdateCheck = 1520;
				LastUpgradeCheck = 1520;
				TargetAttributes = {
					65B38E172BA0BEA5009FBD04 = {
						CreatedOnToolsVersion = 15.2;
					};
				};
			};
			buildConfigurationList = 65B38E132BA0BEA5009FBD04 /* Build configuration list for PBXProject "Lesson12HW" */;
			compatibilityVersion = "Xcode 14.0";
			developmentRegion = en;
			hasScannedForEncodings = 0;
			knownRegions = (
				en,
				Base,
			);
			mainGroup = 65B38E0F2BA0BEA5009FBD04;
			productRefGroup = 65B38E192BA0BEA5009FBD04 /* Products */;
			projectDirPath = "";
			projectRoot = "";
			targets = (
				65B38E172BA0BEA5009FBD04 /* Lesson12HW */,
			);
		};
/* End PBXProject section */

/* Begin PBXResourcesBuildPhase section */
		65B38E162BA0BEA5009FBD04 /* Resources */ = {
			isa = PBXResourcesBuildPhase;
			buildActionMask = 2147483647;
			files = (
				65B38E282BA0BEA8009FBD04 /* LaunchScreen.storyboard in Resources */,
				65B38E252BA0BEA8009FBD04 /* Assets.xcassets in Resources */,
				65B38E232BA0BEA5009FBD04 /* Main.storyboard in Resources */,
			);
			runOnlyForDeploymentPostprocessing = 0;
		};
/* End PBXResourcesBuildPhase section */

/* Begin PBXSourcesBuildPhase section */
		65B38E142BA0BEA5009FBD04 /* Sources */ = {
			isa = PBXSourcesBuildPhase;
			buildActionMask = 2147483647;
			files = (
				65B38E1C2BA0BEA5009FBD04 /* AppDelegate.swift in Sources */,
				65B38E302BA0BF28009FBD04 /* FirstVC.swift in Sources */,
				65B38E352BA0C206009FBD04 /* UIButton+style.swift in Sources */,
				65B38E392BA0C4C7009FBD04 /* UINavigationController+navigation.swift in Sources */,
				65B38E322BA0BF5A009FBD04 /* SecondVC.swift in Sources */,
				65B38E1E2BA0BEA5009FBD04 /* SceneDelegate.swift in Sources */,
			);
			runOnlyForDeploymentPostprocessing = 0;
		};
/* End PBXSourcesBuildPhase section */

/* Begin PBXVariantGroup section */
		65B38E212BA0BEA5009FBD04 /* Main.storyboard */ = {
			isa = PBXVariantGroup;
			children = (
				65B38E222BA0BEA5009FBD04 /* Base */,
			);
			name = Main.storyboard;
			sourceTree = "<group>";
		};
		65B38E262BA0BEA8009FBD04 /* LaunchScreen.storyboard */ = {
			isa = PBXVariantGroup;
			children = (
				65B38E272BA0BEA8009FBD04 /* Base */,
			);
			name = LaunchScreen.storyboard;
			sourceTree = "<group>";
		};
/* End PBXVariantGroup section */

/* Begin XCBuildConfiguration section */
		65B38E2A2BA0BEA8009FBD04 /* Debug */ = {
			isa = XCBuildConfiguration;
			buildSettings = {
				ALWAYS_SEARCH_USER_PATHS = NO;
				ASSETCATALOG_COMPILER_GENERATE_SWIFT_ASSET_SYMBOL_EXTENSIONS = YES;
				CLANG_ANALYZER_NONNULL = YES;
				CLANG_ANALYZER_NUMBER_OBJECT_CONVERSION = YES_AGGRESSIVE;
				CLANG_CXX_LANGUAGE_STANDARD = "gnu++20";
				CLANG_ENABLE_MODULES = YES;
				CLANG_ENABLE_OBJC_ARC = YES;
				CLANG_ENABLE_OBJC_WEAK = YES;
				CLANG_WARN_BLOCK_CAPTURE_AUTORELEASING = YES;
				CLANG_WARN_BOOL_CONVERSION = YES;
				CLANG_WARN_COMMA = YES;
				CLANG_WARN_CONSTANT_CONVERSION = YES;
				CLANG_WARN_DEPRECATED_OBJC_IMPLEMENTATIONS = YES;
				CLANG_WARN_DIRECT_OBJC_ISA_USAGE = YES_ERROR;
				CLANG_WARN_DOCUMENTATION_COMMENTS = YES;
				CLANG_WARN_EMPTY_BODY = YES;
				CLANG_WARN_ENUM_CONVERSION = YES;
				CLANG_WARN_INFINITE_RECURSION = YES;
				CLANG_WARN_INT_CONVERSION = YES;
				CLANG_WARN_NON_LITERAL_NULL_CONVERSION = YES;
				CLANG_WARN_OBJC_IMPLICIT_RETAIN_SELF = YES;
				CLANG_WARN_OBJC_LITERAL_CONVERSION = YES;
				CLANG_WARN_OBJC_ROOT_CLASS = YES_ERROR;
				CLANG_WARN_QUOTED_INCLUDE_IN_FRAMEWORK_HEADER = YES;
				CLANG_WARN_RANGE_LOOP_ANALYSIS = YES;
				CLANG_WARN_STRICT_PROTOTYPES = YES;
				CLANG_WARN_SUSPICIOUS_MOVE = YES;
				CLANG_WARN_UNGUARDED_AVAILABILITY = YES_AGGRESSIVE;
				CLANG_WARN_UNREACHABLE_CODE = YES;
				CLANG_WARN__DUPLICATE_METHOD_MATCH = YES;
				COPY_PHASE_STRIP = NO;
				DEBUG_INFORMATION_FORMAT = dwarf;
				ENABLE_STRICT_OBJC_MSGSEND = YES;
				ENABLE_TESTABILITY = YES;
				ENABLE_USER_SCRIPT_SANDBOXING = YES;
				GCC_C_LANGUAGE_STANDARD = gnu17;
				GCC_DYNAMIC_NO_PIC = NO;
				GCC_NO_COMMON_BLOCKS = YES;
				GCC_OPTIMIZATION_LEVEL = 0;
				GCC_PREPROCESSOR_DEFINITIONS = (
					"DEBUG=1",
					"$(inherited)",
				);
				GCC_WARN_64_TO_32_BIT_CONVERSION = YES;
				GCC_WARN_ABOUT_RETURN_TYPE = YES_ERROR;
				GCC_WARN_UNDECLARED_SELECTOR = YES;
				GCC_WARN_UNINITIALIZED_AUTOS = YES_AGGRESSIVE;
				GCC_WARN_UNUSED_FUNCTION = YES;
				GCC_WARN_UNUSED_VARIABLE = YES;
				IPHONEOS_DEPLOYMENT_TARGET = 17.2;
				LOCALIZATION_PREFERS_STRING_CATALOGS = YES;
				MTL_ENABLE_DEBUG_INFO = INCLUDE_SOURCE;
				MTL_FAST_MATH = YES;
				ONLY_ACTIVE_ARCH = YES;
				SDKROOT = iphoneos;
				SWIFT_ACTIVE_COMPILATION_CONDITIONS = "DEBUG $(inherited)";
				SWIFT_OPTIMIZATION_LEVEL = "-Onone";
			};
			name = Debug;
		};
		65B38E2B2BA0BEA8009FBD04 /* Release */ = {
			isa = XCBuildConfiguration;
			buildSettings = {
				ALWAYS_SEARCH_USER_PATHS = NO;
				ASSETCATALOG_COMPILER_GENERATE_SWIFT_ASSET_SYMBOL_EXTENSIONS = YES;
				CLANG_ANALYZER_NONNULL = YES;
				CLANG_ANALYZER_NUMBER_OBJECT_CONVERSION = YES_AGGRESSIVE;
				CLANG_CXX_LANGUAGE_STANDARD = "gnu++20";
				CLANG_ENABLE_MODULES = YES;
				CLANG_ENABLE_OBJC_ARC = YES;
				CLANG_ENABLE_OBJC_WEAK = YES;
				CLANG_WARN_BLOCK_CAPTURE_AUTORELEASING = YES;
				CLANG_WARN_BOOL_CONVERSION = YES;
				CLANG_WARN_COMMA = YES;
				CLANG_WARN_CONSTANT_CONVERSION = YES;
				CLANG_WARN_DEPRECATED_OBJC_IMPLEMENTATIONS = YES;
				CLANG_WARN_DIRECT_OBJC_ISA_USAGE = YES_ERROR;
				CLANG_WARN_DOCUMENTATION_COMMENTS = YES;
				CLANG_WARN_EMPTY_BODY = YES;
				CLANG_WARN_ENUM_CONVERSION = YES;
				CLANG_WARN_INFINITE_RECURSION = YES;
				CLANG_WARN_INT_CONVERSION = YES;
				CLANG_WARN_NON_LITERAL_NULL_CONVERSION = YES;
				CLANG_WARN_OBJC_IMPLICIT_RETAIN_SELF = YES;
				CLANG_WARN_OBJC_LITERAL_CONVERSION = YES;
				CLANG_WARN_OBJC_ROOT_CLASS = YES_ERROR;
				CLANG_WARN_QUOTED_INCLUDE_IN_FRAMEWORK_HEADER = YES;
				CLANG_WARN_RANGE_LOOP_ANALYSIS = YES;
				CLANG_WARN_STRICT_PROTOTYPES = YES;
				CLANG_WARN_SUSPICIOUS_MOVE = YES;
				CLANG_WARN_UNGUARDED_AVAILABILITY = YES_AGGRESSIVE;
				CLANG_WARN_UNREACHABLE_CODE = YES;
				CLANG_WARN__DUPLICATE_METHOD_MATCH = YES;
				COPY_PHASE_STRIP = NO;
				DEBUG_INFORMATION_FORMAT = "dwarf-with-dsym";
				ENABLE_NS_ASSERTIONS = NO;
				ENABLE_STRICT_OBJC_MSGSEND = YES;
				ENABLE_USER_SCRIPT_SANDBOXING = YES;
				GCC_C_LANGUAGE_STANDARD = gnu17;
				GCC_NO_COMMON_BLOCKS = YES;
				GCC_WARN_64_TO_32_BIT_CONVERSION = YES;
				GCC_WARN_ABOUT_RETURN_TYPE = YES_ERROR;
				GCC_WARN_UNDECLARED_SELECTOR = YES;
				GCC_WARN_UNINITIALIZED_AUTOS = YES_AGGRESSIVE;
				GCC_WARN_UNUSED_FUNCTION = YES;
				GCC_WARN_UNUSED_VARIABLE = YES;
				IPHONEOS_DEPLOYMENT_TARGET = 17.2;
				LOCALIZATION_PREFERS_STRING_CATALOGS = YES;
				MTL_ENABLE_DEBUG_INFO = NO;
				MTL_FAST_MATH = YES;
				SDKROOT = iphoneos;
				SWIFT_COMPILATION_MODE = wholemodule;
				VALIDATE_PRODUCT = YES;
			};
			name = Release;
		};
		65B38E2D2BA0BEA8009FBD04 /* Debug */ = {
			isa = XCBuildConfiguration;
			buildSettings = {
				ASSETCATALOG_COMPILER_APPICON_NAME = AppIcon;
				ASSETCATALOG_COMPILER_GLOBAL_ACCENT_COLOR_NAME = AccentColor;
				CODE_SIGN_STYLE = Automatic;
				CURRENT_PROJECT_VERSION = 1;
				DEVELOPMENT_TEAM = TM9C7U8JJD;
				GENERATE_INFOPLIST_FILE = YES;
				INFOPLIST_FILE = Lesson12HW/Info.plist;
				INFOPLIST_KEY_UIApplicationSupportsIndirectInputEvents = YES;
				INFOPLIST_KEY_UILaunchStoryboardName = LaunchScreen;
				INFOPLIST_KEY_UIMainStoryboardFile = Main;
				INFOPLIST_KEY_UISupportedInterfaceOrientations_iPad = "UIInterfaceOrientationPortrait UIInterfaceOrientationPortraitUpsideDown UIInterfaceOrientationLandscapeLeft UIInterfaceOrientationLandscapeRight";
				INFOPLIST_KEY_UISupportedInterfaceOrientations_iPhone = "UIInterfaceOrientationPortrait UIInterfaceOrientationLandscapeLeft UIInterfaceOrientationLandscapeRight";
				LD_RUNPATH_SEARCH_PATHS = (
					"$(inherited)",
					"@executable_path/Frameworks",
				);
				MARKETING_VERSION = 1.0;
				PRODUCT_BUNDLE_IDENTIFIER = reut.Lesson12HW;
				PRODUCT_NAME = "$(TARGET_NAME)";
				SWIFT_EMIT_LOC_STRINGS = YES;
				SWIFT_VERSION = 5.0;
				TARGETED_DEVICE_FAMILY = "1,2";
			};
			name = Debug;
		};
		65B38E2E2BA0BEA8009FBD04 /* Release */ = {
			isa = XCBuildConfiguration;
			buildSettings = {
				ASSETCATALOG_COMPILER_APPICON_NAME = AppIcon;
				ASSETCATALOG_COMPILER_GLOBAL_ACCENT_COLOR_NAME = AccentColor;
				CODE_SIGN_STYLE = Automatic;
				CURRENT_PROJECT_VERSION = 1;
				DEVELOPMENT_TEAM = TM9C7U8JJD;
				GENERATE_INFOPLIST_FILE = YES;
				INFOPLIST_FILE = Lesson12HW/Info.plist;
				INFOPLIST_KEY_UIApplicationSupportsIndirectInputEvents = YES;
				INFOPLIST_KEY_UILaunchStoryboardName = LaunchScreen;
				INFOPLIST_KEY_UIMainStoryboardFile = Main;
				INFOPLIST_KEY_UISupportedInterfaceOrientations_iPad = "UIInterfaceOrientationPortrait UIInterfaceOrientationPortraitUpsideDown UIInterfaceOrientationLandscapeLeft UIInterfaceOrientationLandscapeRight";
				INFOPLIST_KEY_UISupportedInterfaceOrientations_iPhone = "UIInterfaceOrientationPortrait UIInterfaceOrientationLandscapeLeft UIInterfaceOrientationLandscapeRight";
				LD_RUNPATH_SEARCH_PATHS = (
					"$(inherited)",
					"@executable_path/Frameworks",
				);
				MARKETING_VERSION = 1.0;
				PRODUCT_BUNDLE_IDENTIFIER = reut.Lesson12HW;
				PRODUCT_NAME = "$(TARGET_NAME)";
				SWIFT_EMIT_LOC_STRINGS = YES;
				SWIFT_VERSION = 5.0;
				TARGETED_DEVICE_FAMILY = "1,2";
			};
			name = Release;
		};
/* End XCBuildConfiguration section */

/* Begin XCConfigurationList section */
		65B38E132BA0BEA5009FBD04 /* Build configuration list for PBXProject "Lesson12HW" */ = {
			isa = XCConfigurationList;
			buildConfigurations = (
				65B38E2A2BA0BEA8009FBD04 /* Debug */,
				65B38E2B2BA0BEA8009FBD04 /* Release */,
			);
			defaultConfigurationIsVisible = 0;
			defaultConfigurationName = Release;
		};
		65B38E2C2BA0BEA8009FBD04 /* Build configuration list for PBXNativeTarget "Lesson12HW" */ = {
			isa = XCConfigurationList;
			buildConfigurations = (
				65B38E2D2BA0BEA8009FBD04 /* Debug */,
				65B38E2E2BA0BEA8009FBD04 /* Release */,
			);
			defaultConfigurationIsVisible = 0;
			defaultConfigurationName = Release;
		};
/* End XCConfigurationList section */
	};
	rootObject = 65B38E102BA0BEA5009FBD04 /* Project object */;
}
